
Microsoft Visual Studio Solution File, Format Version 12.00
# Visual Studio Version 17
VisualStudioVersion = 17.0.31808.319
MinimumVisualStudioVersion = 10.0.40219.1
Project("{FAE04EC0-301F-11D3-BF4B-00C04F79EFBC}") = "MMBServer", "MMBServer\MMBServer.csproj", "{58A4F03F-7811-4B7F-AF63-34836591FC4E}"
EndProject
Project("{FAE04EC0-301F-11D3-BF4B-00C04F79EFBC}") = "MMBTestClient", "MMBTestClient\MMBTestClient.csproj", "{9E1F6A63-96BA-4BD6-AE47-994311D47E8A}"
EndProject
Project("{FAE04EC0-301F-11D3-BF4B-00C04F79EFBC}") = "XMLServer", "XMLServer\XMLServer.csproj", "{B2B6DD9A-0C1E-4B96-A511-35796899F6E3}"
EndProject
Global
	GlobalSection(SolutionConfigurationPlatforms) = preSolution
		Debug|Any CPU = Debug|Any CPU
		Debug|x64 = Debug|x64
		Debug|x86 = Debug|x86
		Release|Any CPU = Release|Any CPU
		Release|x64 = Release|x64
		Release|x86 = Release|x86
	EndGlobalSection
	GlobalSection(ProjectConfigurationPlatforms) = postSolution
		{58A4F03F-7811-4B7F-AF63-34836591FC4E}.Debug|Any CPU.ActiveCfg = Debug|Any CPU
		{58A4F03F-7811-4B7F-AF63-34836591FC4E}.Debug|Any CPU.Build.0 = Debug|Any CPU
		{58A4F03F-7811-4B7F-AF63-34836591FC4E}.Debug|x64.ActiveCfg = Debug|Any CPU
		{58A4F03F-7811-4B7F-AF63-34836591FC4E}.Debug|x64.Build.0 = Debug|Any CPU
		{58A4F03F-7811-4B7F-AF63-34836591FC4E}.Debug|x86.ActiveCfg = Debug|Any CPU
		{58A4F03F-7811-4B7F-AF63-34836591FC4E}.Debug|x86.Build.0 = Debug|Any CPU
		{58A4F03F-7811-4B7F-AF63-34836591FC4E}.Release|Any CPU.ActiveCfg = Release|Any CPU
		{58A4F03F-7811-4B7F-AF63-34836591FC4E}.Release|Any CPU.Build.0 = Release|Any CPU
		{58A4F03F-7811-4B7F-AF63-34836591FC4E}.Release|x64.ActiveCfg = Release|Any CPU
		{58A4F03F-7811-4B7F-AF63-34836591FC4E}.Release|x64.Build.0 = Release|Any CPU
		{58A4F03F-7811-4B7F-AF63-34836591FC4E}.Release|x86.ActiveCfg = Release|Any CPU
		{58A4F03F-7811-4B7F-AF63-34836591FC4E}.Release|x86.Build.0 = Release|Any CPU
		{9E1F6A63-96BA-4BD6-AE47-994311D47E8A}.Debug|Any CPU.ActiveCfg = Debug|Any CPU
		{9E1F6A63-96BA-4BD6-AE47-994311D47E8A}.Debug|Any CPU.Build.0 = Debug|Any CPU
		{9E1F6A63-96BA-4BD6-AE47-994311D47E8A}.Debug|x64.ActiveCfg = Debug|Any CPU
		{9E1F6A63-96BA-4BD6-AE47-994311D47E8A}.Debug|x64.Build.0 = Debug|Any CPU
		{9E1F6A63-96BA-4BD6-AE47-994311D47E8A}.Debug|x86.ActiveCfg = Debug|Any CPU
		{9E1F6A63-96BA-4BD6-AE47-994311D47E8A}.Debug|x86.Build.0 = Debug|Any CPU
		{9E1F6A63-96BA-4BD6-AE47-994311D47E8A}.Release|Any CPU.ActiveCfg = Release|Any CPU
		{9E1F6A63-96BA-4BD6-AE47-994311D47E8A}.Release|Any CPU.Build.0 = Release|Any CPU
		{9E1F6A63-96BA-4BD6-AE47-994311D47E8A}.Release|x64.ActiveCfg = Release|Any CPU
		{9E1F6A63-96BA-4BD6-AE47-994311D47E8A}.Release|x64.Build.0 = Release|Any CPU
		{9E1F6A63-96BA-4BD6-AE47-994311D47E8A}.Release|x86.ActiveCfg = Release|Any CPU
		{9E1F6A63-96BA-4BD6-AE47-994311D47E8A}.Release|x86.Build.0 = Release|Any CPU
		{B2B6DD9A-0C1E-4B96-A511-35796899F6E3}.Debug|Any CPU.ActiveCfg = Debug|Any CPU
		{B2B6DD9A-0C1E-4B96-A511-35796899F6E3}.Debug|Any CPU.Build.0 = Debug|Any CPU
		{B2B6DD9A-0C1E-4B96-A511-35796899F6E3}.Debug|x64.ActiveCfg = Debug|Any CPU
		{B2B6DD9A-0C1E-4B96-A511-35796899F6E3}.Debug|x64.Build.0 = Debug|Any CPU
		{B2B6DD9A-0C1E-4B96-A511-35796899F6E3}.Debug|x86.ActiveCfg = Debug|Any CPU
		{B2B6DD9A-0C1E-4B96-A511-35796899F6E3}.Debug|x86.Build.0 = Debug|Any CPU
		{B2B6DD9A-0C1E-4B96-A511-35796899F6E3}.Release|Any CPU.ActiveCfg = Release|Any CPU
		{B2B6DD9A-0C1E-4B96-A511-35796899F6E3}.Release|Any CPU.Build.0 = Release|Any CPU
		{B2B6DD9A-0C1E-4B96-A511-35796899F6E3}.Release|x64.ActiveCfg = Release|Any CPU
		{B2B6DD9A-0C1E-4B96-A511-35796899F6E3}.Release|x64.Build.0 = Release|Any CPU
		{B2B6DD9A-0C1E-4B96-A511-35796899F6E3}.Release|x86.ActiveCfg = Release|Any CPU
		{B2B6DD9A-0C1E-4B96-A511-35796899F6E3}.Release|x86.Build.0 = Release|Any CPU
	EndGlobalSection
	GlobalSection(SolutionProperties) = preSolution
		HideSolutionNode = FALSE
	EndGlobalSection
	GlobalSection(ExtensibilityGlobals) = postSolution
		SolutionGuid = {3FAA262A-8AF5-4883-8570-2C8FC3F93BE2}
	EndGlobalSection
EndGlobal
